// !$*UTF8*$!
{
	archiveVersion = 1;
	classes = {
	};
	objectVersion = 56;
	objects = {

/* Begin PBXBuildFile section */
		89C9EB97290979B200C19013 /* Task_ManagerApp.swift in Sources */ = {isa = PBXBuildFile; fileRef = 89C9EB96290979B200C19013 /* Task_ManagerApp.swift */; };
		89C9EB99290979B200C19013 /* ContentView.swift in Sources */ = {isa = PBXBuildFile; fileRef = 89C9EB98290979B200C19013 /* ContentView.swift */; };
		89C9EB9B290979B300C19013 /* Assets.xcassets in Resources */ = {isa = PBXBuildFile; fileRef = 89C9EB9A290979B300C19013 /* Assets.xcassets */; };
		89C9EB9E290979B300C19013 /* Preview Assets.xcassets in Resources */ = {isa = PBXBuildFile; fileRef = 89C9EB9D290979B300C19013 /* Preview Assets.xcassets */; };
		89C9EBA0290979B300C19013 /* Persistence.swift in Sources */ = {isa = PBXBuildFile; fileRef = 89C9EB9F290979B300C19013 /* Persistence.swift */; };
		89C9EBA3290979B300C19013 /* Task_Manager.xcdatamodeld in Sources */ = {isa = PBXBuildFile; fileRef = 89C9EBA1290979B300C19013 /* Task_Manager.xcdatamodeld */; };
		89C9EBAD290979B400C19013 /* Task_ManagerTests.swift in Sources */ = {isa = PBXBuildFile; fileRef = 89C9EBAC290979B400C19013 /* Task_ManagerTests.swift */; };
		89C9EBB7290979B400C19013 /* Task_ManagerUITests.swift in Sources */ = {isa = PBXBuildFile; fileRef = 89C9EBB6290979B400C19013 /* Task_ManagerUITests.swift */; };
		89C9EBB9290979B400C19013 /* Task_ManagerUITestsLaunchTests.swift in Sources */ = {isa = PBXBuildFile; fileRef = 89C9EBB8290979B400C19013 /* Task_ManagerUITestsLaunchTests.swift */; };
		89C9EBC829097BD500C19013 /* Home.swift in Sources */ = {isa = PBXBuildFile; fileRef = 89C9EBC729097BD500C19013 /* Home.swift */; };
		89C9EBCA29097ED800C19013 /* TaskViewModel.swift in Sources */ = {isa = PBXBuildFile; fileRef = 89C9EBC929097ED800C19013 /* TaskViewModel.swift */; };
/* End PBXBuildFile section */

/* Begin PBXContainerItemProxy section */
		89C9EBA9290979B400C19013 /* PBXContainerItemProxy */ = {
			isa = PBXContainerItemProxy;
			containerPortal = 89C9EB8B290979B200C19013 /* Project object */;
			proxyType = 1;
			remoteGlobalIDString = 89C9EB92290979B200C19013;
			remoteInfo = "Task Manager";
		};
		89C9EBB3290979B400C19013 /* PBXContainerItemProxy */ = {
			isa = PBXContainerItemProxy;
			containerPortal = 89C9EB8B290979B200C19013 /* Project object */;
			proxyType = 1;
			remoteGlobalIDString = 89C9EB92290979B200C19013;
			remoteInfo = "Task Manager";
		};
/* End PBXContainerItemProxy section */

/* Begin PBXFileReference section */
		89C9EB93290979B200C19013 /* Task Manager.app */ = {isa = PBXFileReference; explicitFileType = wrapper.application; includeInIndex = 0; path = "Task Manager.app"; sourceTree = BUILT_PRODUCTS_DIR; };
		89C9EB96290979B200C19013 /* Task_ManagerApp.swift */ = {isa = PBXFileReference; lastKnownFileType = sourcecode.swift; path = Task_ManagerApp.swift; sourceTree = "<group>"; };
		89C9EB98290979B200C19013 /* ContentView.swift */ = {isa = PBXFileReference; lastKnownFileType = sourcecode.swift; path = ContentView.swift; sourceTree = "<group>"; };
		89C9EB9A290979B300C19013 /* Assets.xcassets */ = {isa = PBXFileReference; lastKnownFileType = folder.assetcatalog; path = Assets.xcassets; sourceTree = "<group>"; };
		89C9EB9D290979B300C19013 /* Preview Assets.xcassets */ = {isa = PBXFileReference; lastKnownFileType = folder.assetcatalog; path = "Preview Assets.xcassets"; sourceTree = "<group>"; };
		89C9EB9F290979B300C19013 /* Persistence.swift */ = {isa = PBXFileReference; lastKnownFileType = sourcecode.swift; path = Persistence.swift; sourceTree = "<group>"; };
		89C9EBA2290979B300C19013 /* Task_Manager.xcdatamodel */ = {isa = PBXFileReference; lastKnownFileType = wrapper.xcdatamodel; path = Task_Manager.xcdatamodel; sourceTree = "<group>"; };
		89C9EBA8290979B400C19013 /* Task ManagerTests.xctest */ = {isa = PBXFileReference; explicitFileType = wrapper.cfbundle; includeInIndex = 0; path = "Task ManagerTests.xctest"; sourceTree = BUILT_PRODUCTS_DIR; };
		89C9EBAC290979B400C19013 /* Task_ManagerTests.swift */ = {isa = PBXFileReference; lastKnownFileType = sourcecode.swift; path = Task_ManagerTests.swift; sourceTree = "<group>"; };
		89C9EBB2290979B400C19013 /* Task ManagerUITests.xctest */ = {isa = PBXFileReference; explicitFileType = wrapper.cfbundle; includeInIndex = 0; path = "Task ManagerUITests.xctest"; sourceTree = BUILT_PRODUCTS_DIR; };
		89C9EBB6290979B400C19013 /* Task_ManagerUITests.swift */ = {isa = PBXFileReference; lastKnownFileType = sourcecode.swift; path = Task_ManagerUITests.swift; sourceTree = "<group>"; };
		89C9EBB8290979B400C19013 /* Task_ManagerUITestsLaunchTests.swift */ = {isa = PBXFileReference; lastKnownFileType = sourcecode.swift; path = Task_ManagerUITestsLaunchTests.swift; sourceTree = "<group>"; };
		89C9EBC729097BD500C19013 /* Home.swift */ = {isa = PBXFileReference; lastKnownFileType = sourcecode.swift; path = Home.swift; sourceTree = "<group>"; };
		89C9EBC929097ED800C19013 /* TaskViewModel.swift */ = {isa = PBXFileReference; lastKnownFileType = sourcecode.swift; path = TaskViewModel.swift; sourceTree = "<group>"; };
/* End PBXFileReference section */

/* Begin PBXFrameworksBuildPhase section */
		89C9EB90290979B200C19013 /* Frameworks */ = {
			isa = PBXFrameworksBuildPhase;
			buildActionMask = 2147483647;
			files = (
			);
			runOnlyForDeploymentPostprocessing = 0;
		};
		89C9EBA5290979B400C19013 /* Frameworks */ = {
			isa = PBXFrameworksBuildPhase;
			buildActionMask = 2147483647;
			files = (
			);
			runOnlyForDeploymentPostprocessing = 0;
		};
		89C9EBAF290979B400C19013 /* Frameworks */ = {
			isa = PBXFrameworksBuildPhase;
			buildActionMask = 2147483647;
			files = (
			);
			runOnlyForDeploymentPostprocessing = 0;
		};
/* End PBXFrameworksBuildPhase section */

/* Begin PBXGroup section */
		89C9EB8A290979B200C19013 = {
			isa = PBXGroup;
			children = (
				89C9EB95290979B200C19013 /* Task Manager */,
				89C9EBAB290979B400C19013 /* Task ManagerTests */,
				89C9EBB5290979B400C19013 /* Task ManagerUITests */,
				89C9EB94290979B200C19013 /* Products */,
			);
			sourceTree = "<group>";
		};
		89C9EB94290979B200C19013 /* Products */ = {
			isa = PBXGroup;
			children = (
				89C9EB93290979B200C19013 /* Task Manager.app */,
				89C9EBA8290979B400C19013 /* Task ManagerTests.xctest */,
				89C9EBB2290979B400C19013 /* Task ManagerUITests.xctest */,
			);
			name = Products;
			sourceTree = "<group>";
		};
		89C9EB95290979B200C19013 /* Task Manager */ = {
			isa = PBXGroup;
			children = (
				89C9EBC629097BCE00C19013 /* ViewModel */,
				89C9EBC529097BCB00C19013 /* View */,
				89C9EB96290979B200C19013 /* Task_ManagerApp.swift */,
				89C9EB98290979B200C19013 /* ContentView.swift */,
				89C9EB9A290979B300C19013 /* Assets.xcassets */,
				89C9EB9F290979B300C19013 /* Persistence.swift */,
				89C9EBA1290979B300C19013 /* Task_Manager.xcdatamodeld */,
				89C9EB9C290979B300C19013 /* Preview Content */,
			);
			path = "Task Manager";
			sourceTree = "<group>";
		};
		89C9EB9C290979B300C19013 /* Preview Content */ = {
			isa = PBXGroup;
			children = (
				89C9EB9D290979B300C19013 /* Preview Assets.xcassets */,
			);
			path = "Preview Content";
			sourceTree = "<group>";
		};
		89C9EBAB290979B400C19013 /* Task ManagerTests */ = {
			isa = PBXGroup;
			children = (
				89C9EBAC290979B400C19013 /* Task_ManagerTests.swift */,
			);
			path = "Task ManagerTests";
			sourceTree = "<group>";
		};
		89C9EBB5290979B400C19013 /* Task ManagerUITests */ = {
			isa = PBXGroup;
			children = (
				89C9EBB6290979B400C19013 /* Task_ManagerUITests.swift */,
				89C9EBB8290979B400C19013 /* Task_ManagerUITestsLaunchTests.swift */,
			);
			path = "Task ManagerUITests";
			sourceTree = "<group>";
		};
		89C9EBC529097BCB00C19013 /* View */ = {
			isa = PBXGroup;
			children = (
				89C9EBC729097BD500C19013 /* Home.swift */,
			);
			path = View;
			sourceTree = "<group>";
		};
		89C9EBC629097BCE00C19013 /* ViewModel */ = {
			isa = PBXGroup;
			children = (
				89C9EBC929097ED800C19013 /* TaskViewModel.swift */,
			);
			path = ViewModel;
			sourceTree = "<group>";
		};
/* End PBXGroup section */

/* Begin PBXNativeTarget section */
		89C9EB92290979B200C19013 /* Task Manager */ = {
			isa = PBXNativeTarget;
			buildConfigurationList = 89C9EBBC290979B400C19013 /* Build configuration list for PBXNativeTarget "Task Manager" */;
			buildPhases = (
				89C9EB8F290979B200C19013 /* Sources */,
				89C9EB90290979B200C19013 /* Frameworks */,
				89C9EB91290979B200C19013 /* Resources */,
			);
			buildRules = (
			);
			dependencies = (
			);
			name = "Task Manager";
			productName = "Task Manager";
			productReference = 89C9EB93290979B200C19013 /* Task Manager.app */;
			productType = "com.apple.product-type.application";
		};
		89C9EBA7290979B400C19013 /* Task ManagerTests */ = {
			isa = PBXNativeTarget;
			buildConfigurationList = 89C9EBBF290979B400C19013 /* Build configuration list for PBXNativeTarget "Task ManagerTests" */;
			buildPhases = (
				89C9EBA4290979B400C19013 /* Sources */,
				89C9EBA5290979B400C19013 /* Frameworks */,
				89C9EBA6290979B400C19013 /* Resources */,
			);
			buildRules = (
			);
			dependencies = (
				89C9EBAA290979B400C19013 /* PBXTargetDependency */,
			);
			name = "Task ManagerTests";
			productName = "Task ManagerTests";
			productReference = 89C9EBA8290979B400C19013 /* Task ManagerTests.xctest */;
			productType = "com.apple.product-type.bundle.unit-test";
		};
		89C9EBB1290979B400C19013 /* Task ManagerUITests */ = {
			isa = PBXNativeTarget;
			buildConfigurationList = 89C9EBC2290979B400C19013 /* Build configuration list for PBXNativeTarget "Task ManagerUITests" */;
			buildPhases = (
				89C9EBAE290979B400C19013 /* Sources */,
				89C9EBAF290979B400C19013 /* Frameworks */,
				89C9EBB0290979B400C19013 /* Resources */,
			);
			buildRules = (
			);
			dependencies = (
				89C9EBB4290979B400C19013 /* PBXTargetDependency */,
			);
			name = "Task ManagerUITests";
			productName = "Task ManagerUITests";
			productReference = 89C9EBB2290979B400C19013 /* Task ManagerUITests.xctest */;
			productType = "com.apple.product-type.bundle.ui-testing";
		};
/* End PBXNativeTarget section */

/* Begin PBXProject section */
		89C9EB8B290979B200C19013 /* Project object */ = {
			isa = PBXProject;
			attributes = {
				BuildIndependentTargetsInParallel = 1;
				LastSwiftUpdateCheck = 1400;
				LastUpgradeCheck = 1400;
				TargetAttributes = {
					89C9EB92290979B200C19013 = {
						CreatedOnToolsVersion = 14.0.1;
					};
					89C9EBA7290979B400C19013 = {
						CreatedOnToolsVersion = 14.0.1;
						TestTargetID = 89C9EB92290979B200C19013;
					};
					89C9EBB1290979B400C19013 = {
						CreatedOnToolsVersion = 14.0.1;
						TestTargetID = 89C9EB92290979B200C19013;
					};
				};
			};
			buildConfigurationList = 89C9EB8E290979B200C19013 /* Build configuration list for PBXProject "Task Manager" */;
			compatibilityVersion = "Xcode 14.0";
			developmentRegion = en;
			hasScannedForEncodings = 0;
			knownRegions = (
				en,
				Base,
			);
			mainGroup = 89C9EB8A290979B200C19013;
			productRefGroup = 89C9EB94290979B200C19013 /* Products */;
			projectDirPath = "";
			projectRoot = "";
			targets = (
				89C9EB92290979B200C19013 /* Task Manager */,
				89C9EBA7290979B400C19013 /* Task ManagerTests */,
				89C9EBB1290979B400C19013 /* Task ManagerUITests */,
			);
		};
/* End PBXProject section */

/* Begin PBXResourcesBuildPhase section */
		89C9EB91290979B200C19013 /* Resources */ = {
			isa = PBXResourcesBuildPhase;
			buildActionMask = 2147483647;
			files = (
				89C9EB9E290979B300C19013 /* Preview Assets.xcassets in Resources */,
				89C9EB9B290979B300C19013 /* Assets.xcassets in Resources */,
			);
			runOnlyForDeploymentPostprocessing = 0;
		};
		89C9EBA6290979B400C19013 /* Resources */ = {
			isa = PBXResourcesBuildPhase;
			buildActionMask = 2147483647;
			files = (
			);
			runOnlyForDeploymentPostprocessing = 0;
		};
		89C9EBB0290979B400C19013 /* Resources */ = {
			isa = PBXResourcesBuildPhase;
			buildActionMask = 2147483647;
			files = (
			);
			runOnlyForDeploymentPostprocessing = 0;
		};
/* End PBXResourcesBuildPhase section */

/* Begin PBXSourcesBuildPhase section */
		89C9EB8F290979B200C19013 /* Sources */ = {
			isa = PBXSourcesBuildPhase;
			buildActionMask = 2147483647;
			files = (
				89C9EBA0290979B300C19013 /* Persistence.swift in Sources */,
				89C9EBCA29097ED800C19013 /* TaskViewModel.swift in Sources */,
				89C9EB99290979B200C19013 /* ContentView.swift in Sources */,
				89C9EBC829097BD500C19013 /* Home.swift in Sources */,
				89C9EBA3290979B300C19013 /* Task_Manager.xcdatamodeld in Sources */,
				89C9EB97290979B200C19013 /* Task_ManagerApp.swift in Sources */,
			);
			runOnlyForDeploymentPostprocessing = 0;
		};
		89C9EBA4290979B400C19013 /* Sources */ = {
			isa = PBXSourcesBuildPhase;
			buildActionMask = 2147483647;
			files = (
				89C9EBAD290979B400C19013 /* Task_ManagerTests.swift in Sources */,
			);
			runOnlyForDeploymentPostprocessing = 0;
		};
		89C9EBAE290979B400C19013 /* Sources */ = {
			isa = PBXSourcesBuildPhase;
			buildActionMask = 2147483647;
			files = (
				89C9EBB7290979B400C19013 /* Task_ManagerUITests.swift in Sources */,
				89C9EBB9290979B400C19013 /* Task_ManagerUITestsLaunchTests.swift in Sources */,
			);
			runOnlyForDeploymentPostprocessing = 0;
		};
/* End PBXSourcesBuildPhase section */

/* Begin PBXTargetDependency section */
		89C9EBAA290979B400C19013 /* PBXTargetDependency */ = {
			isa = PBXTargetDependency;
			target = 89C9EB92290979B200C19013 /* Task Manager */;
			targetProxy = 89C9EBA9290979B400C19013 /* PBXContainerItemProxy */;
		};
		89C9EBB4290979B400C19013 /* PBXTargetDependency */ = {
			isa = PBXTargetDependency;
			target = 89C9EB92290979B200C19013 /* Task Manager */;
			targetProxy = 89C9EBB3290979B400C19013 /* PBXContainerItemProxy */;
		};
/* End PBXTargetDependency section */

/* Begin XCBuildConfiguration section */
		89C9EBBA290979B400C19013 /* Debug */ = {
			isa = XCBuildConfiguration;
			buildSettings = {
				ALWAYS_SEARCH_USER_PATHS = NO;
				CLANG_ANALYZER_NONNULL = YES;
				CLANG_ANALYZER_NUMBER_OBJECT_CONVERSION = YES_AGGRESSIVE;
				CLANG_CXX_LANGUAGE_STANDARD = "gnu++20";
				CLANG_ENABLE_MODULES = YES;
				CLANG_ENABLE_OBJC_ARC = YES;
				CLANG_ENABLE_OBJC_WEAK = YES;
				CLANG_WARN_BLOCK_CAPTURE_AUTORELEASING = YES;
				CLANG_WARN_BOOL_CONVERSION = YES;
				CLANG_WARN_COMMA = YES;
				CLANG_WARN_CONSTANT_CONVERSION = YES;
				CLANG_WARN_DEPRECATED_OBJC_IMPLEMENTATIONS = YES;
				CLANG_WARN_DIRECT_OBJC_ISA_USAGE = YES_ERROR;
				CLANG_WARN_DOCUMENTATION_COMMENTS = YES;
				CLANG_WARN_EMPTY_BODY = YES;
				CLANG_WARN_ENUM_CONVERSION = YES;
				CLANG_WARN_INFINITE_RECURSION = YES;
				CLANG_WARN_INT_CONVERSION = YES;
				CLANG_WARN_NON_LITERAL_NULL_CONVERSION = YES;
				CLANG_WARN_OBJC_IMPLICIT_RETAIN_SELF = YES;
				CLANG_WARN_OBJC_LITERAL_CONVERSION = YES;
				CLANG_WARN_OBJC_ROOT_CLASS = YES_ERROR;
				CLANG_WARN_QUOTED_INCLUDE_IN_FRAMEWORK_HEADER = YES;
				CLANG_WARN_RANGE_LOOP_ANALYSIS = YES;
				CLANG_WARN_STRICT_PROTOTYPES = YES;
				CLANG_WARN_SUSPICIOUS_MOVE = YES;
				CLANG_WARN_UNGUARDED_AVAILABILITY = YES_AGGRESSIVE;
				CLANG_WARN_UNREACHABLE_CODE = YES;
				CLANG_WARN__DUPLICATE_METHOD_MATCH = YES;
				COPY_PHASE_STRIP = NO;
				DEBUG_INFORMATION_FORMAT = dwarf;
				ENABLE_STRICT_OBJC_MSGSEND = YES;
				ENABLE_TESTABILITY = YES;
				GCC_C_LANGUAGE_STANDARD = gnu11;
				GCC_DYNAMIC_NO_PIC = NO;
				GCC_NO_COMMON_BLOCKS = YES;
				GCC_OPTIMIZATION_LEVEL = 0;
				GCC_PREPROCESSOR_DEFINITIONS = (
					"DEBUG=1",
					"$(inherited)",
				);
				GCC_WARN_64_TO_32_BIT_CONVERSION = YES;
				GCC_WARN_ABOUT_RETURN_TYPE = YES_ERROR;
				GCC_WARN_UNDECLARED_SELECTOR = YES;
				GCC_WARN_UNINITIALIZED_AUTOS = YES_AGGRESSIVE;
				GCC_WARN_UNUSED_FUNCTION = YES;
				GCC_WARN_UNUSED_VARIABLE = YES;
				IPHONEOS_DEPLOYMENT_TARGET = 16.0;
				MTL_ENABLE_DEBUG_INFO = INCLUDE_SOURCE;
				MTL_FAST_MATH = YES;
				ONLY_ACTIVE_ARCH = YES;
				SDKROOT = iphoneos;
				SWIFT_ACTIVE_COMPILATION_CONDITIONS = DEBUG;
				SWIFT_OPTIMIZATION_LEVEL = "-Onone";
			};
			name = Debug;
		};
		89C9EBBB290979B400C19013 /* Release */ = {
			isa = XCBuildConfiguration;
			buildSettings = {
				ALWAYS_SEARCH_USER_PATHS = NO;
				CLANG_ANALYZER_NONNULL = YES;
				CLANG_ANALYZER_NUMBER_OBJECT_CONVERSION = YES_AGGRESSIVE;
				CLANG_CXX_LANGUAGE_STANDARD = "gnu++20";
				CLANG_ENABLE_MODULES = YES;
				CLANG_ENABLE_OBJC_ARC = YES;
				CLANG_ENABLE_OBJC_WEAK = YES;
				CLANG_WARN_BLOCK_CAPTURE_AUTORELEASING = YES;
				CLANG_WARN_BOOL_CONVERSION = YES;
				CLANG_WARN_COMMA = YES;
				CLANG_WARN_CONSTANT_CONVERSION = YES;
				CLANG_WARN_DEPRECATED_OBJC_IMPLEMENTATIONS = YES;
				CLANG_WARN_DIRECT_OBJC_ISA_USAGE = YES_ERROR;
				CLANG_WARN_DOCUMENTATION_COMMENTS = YES;
				CLANG_WARN_EMPTY_BODY = YES;
				CLANG_WARN_ENUM_CONVERSION = YES;
				CLANG_WARN_INFINITE_RECURSION = YES;
				CLANG_WARN_INT_CONVERSION = YES;
				CLANG_WARN_NON_LITERAL_NULL_CONVERSION = YES;
				CLANG_WARN_OBJC_IMPLICIT_RETAIN_SELF = YES;
				CLANG_WARN_OBJC_LITERAL_CONVERSION = YES;
				CLANG_WARN_OBJC_ROOT_CLASS = YES_ERROR;
				CLANG_WARN_QUOTED_INCLUDE_IN_FRAMEWORK_HEADER = YES;
				CLANG_WARN_RANGE_LOOP_ANALYSIS = YES;
				CLANG_WARN_STRICT_PROTOTYPES = YES;
				CLANG_WARN_SUSPICIOUS_MOVE = YES;
				CLANG_WARN_UNGUARDED_AVAILABILITY = YES_AGGRESSIVE;
				CLANG_WARN_UNREACHABLE_CODE = YES;
				CLANG_WARN__DUPLICATE_METHOD_MATCH = YES;
				COPY_PHASE_STRIP = NO;
				DEBUG_INFORMATION_FORMAT = "dwarf-with-dsym";
				ENABLE_NS_ASSERTIONS = NO;
				ENABLE_STRICT_OBJC_MSGSEND = YES;
				GCC_C_LANGUAGE_STANDARD = gnu11;
				GCC_NO_COMMON_BLOCKS = YES;
				GCC_WARN_64_TO_32_BIT_CONVERSION = YES;
				GCC_WARN_ABOUT_RETURN_TYPE = YES_ERROR;
				GCC_WARN_UNDECLARED_SELECTOR = YES;
				GCC_WARN_UNINITIALIZED_AUTOS = YES_AGGRESSIVE;
				GCC_WARN_UNUSED_FUNCTION = YES;
				GCC_WARN_UNUSED_VARIABLE = YES;
				IPHONEOS_DEPLOYMENT_TARGET = 16.0;
				MTL_ENABLE_DEBUG_INFO = NO;
				MTL_FAST_MATH = YES;
				SDKROOT = iphoneos;
				SWIFT_COMPILATION_MODE = wholemodule;
				SWIFT_OPTIMIZATION_LEVEL = "-O";
				VALIDATE_PRODUCT = YES;
			};
			name = Release;
		};
		89C9EBBD290979B400C19013 /* Debug */ = {
			isa = XCBuildConfiguration;
			buildSettings = {
				ASSETCATALOG_COMPILER_APPICON_NAME = AppIcon;
				ASSETCATALOG_COMPILER_GLOBAL_ACCENT_COLOR_NAME = AccentColor;
				CODE_SIGN_STYLE = Automatic;
				CURRENT_PROJECT_VERSION = 1;
				DEVELOPMENT_ASSET_PATHS = "\"Task Manager/Preview Content\"";
				DEVELOPMENT_TEAM = HSX5VD99YZ;
				ENABLE_PREVIEWS = YES;
				GENERATE_INFOPLIST_FILE = YES;
				INFOPLIST_KEY_UIApplicationSceneManifest_Generation = YES;
				INFOPLIST_KEY_UIApplicationSupportsIndirectInputEvents = YES;
				INFOPLIST_KEY_UILaunchScreen_Generation = YES;
				INFOPLIST_KEY_UISupportedInterfaceOrientations_iPad = "UIInterfaceOrientationPortrait UIInterfaceOrientationPortraitUpsideDown UIInterfaceOrientationLandscapeLeft UIInterfaceOrientationLandscapeRight";
				INFOPLIST_KEY_UISupportedInterfaceOrientations_iPhone = "UIInterfaceOrientationPortrait UIInterfaceOrientationLandscapeLeft UIInterfaceOrientationLandscapeRight";
				LD_RUNPATH_SEARCH_PATHS = (
					"$(inherited)",
					"@executable_path/Frameworks",
				);
				MARKETING_VERSION = 1.0;
				PRODUCT_BUNDLE_IDENTIFIER = "com.hcd.Task-Manager";
				PRODUCT_NAME = "$(TARGET_NAME)";
				SWIFT_EMIT_LOC_STRINGS = YES;
				SWIFT_VERSION = 5.0;
				TARGETED_DEVICE_FAMILY = "1,2";
			};
			name = Debug;
		};
		89C9EBBE290979B400C19013 /* Release */ = {
			isa = XCBuildConfiguration;
			buildSettings = {
				ASSETCATALOG_COMPILER_APPICON_NAME = AppIcon;
				ASSETCATALOG_COMPILER_GLOBAL_ACCENT_COLOR_NAME = AccentColor;
				CODE_SIGN_STYLE = Automatic;
				CURRENT_PROJECT_VERSION = 1;
				DEVELOPMENT_ASSET_PATHS = "\"Task Manager/Preview Content\"";
				DEVELOPMENT_TEAM = HSX5VD99YZ;
				ENABLE_PREVIEWS = YES;
				GENERATE_INFOPLIST_FILE = YES;
				INFOPLIST_KEY_UIApplicationSceneManifest_Generation = YES;
				INFOPLIST_KEY_UIApplicationSupportsIndirectInputEvents = YES;
				INFOPLIST_KEY_UILaunchScreen_Generation = YES;
				INFOPLIST_KEY_UISupportedInterfaceOrientations_iPad = "UIInterfaceOrientationPortrait UIInterfaceOrientationPortraitUpsideDown UIInterfaceOrientationLandscapeLeft UIInterfaceOrientationLandscapeRight";
				INFOPLIST_KEY_UISupportedInterfaceOrientations_iPhone = "UIInterfaceOrientationPortrait UIInterfaceOrientationLandscapeLeft UIInterfaceOrientationLandscapeRight";
				LD_RUNPATH_SEARCH_PATHS = (
					"$(inherited)",
					"@executable_path/Frameworks",
				);
				MARKETING_VERSION = 1.0;
				PRODUCT_BUNDLE_IDENTIFIER = "com.hcd.Task-Manager";
				PRODUCT_NAME = "$(TARGET_NAME)";
				SWIFT_EMIT_LOC_STRINGS = YES;
				SWIFT_VERSION = 5.0;
				TARGETED_DEVICE_FAMILY = "1,2";
			};
			name = Release;
		};
		89C9EBC0290979B400C19013 /* Debug */ = {
			isa = XCBuildConfiguration;
			buildSettings = {
				ALWAYS_EMBED_SWIFT_STANDARD_LIBRARIES = YES;
				BUNDLE_LOADER = "$(TEST_HOST)";
				CODE_SIGN_STYLE = Automatic;
				CURRENT_PROJECT_VERSION = 1;
				DEVELOPMENT_TEAM = HSX5VD99YZ;
				GENERATE_INFOPLIST_FILE = YES;
				IPHONEOS_DEPLOYMENT_TARGET = 16.0;
				MARKETING_VERSION = 1.0;
				PRODUCT_BUNDLE_IDENTIFIER = "com.hcd.Task-ManagerTests";
				PRODUCT_NAME = "$(TARGET_NAME)";
				SWIFT_EMIT_LOC_STRINGS = NO;
				SWIFT_VERSION = 5.0;
				TARGETED_DEVICE_FAMILY = "1,2";
				TEST_HOST = "$(BUILT_PRODUCTS_DIR)/Task Manager.app/$(BUNDLE_EXECUTABLE_FOLDER_PATH)/Task Manager";
			};
			name = Debug;
		};
		89C9EBC1290979B400C19013 /* Release */ = {
			isa = XCBuildConfiguration;
			buildSettings = {
				ALWAYS_EMBED_SWIFT_STANDARD_LIBRARIES = YES;
				BUNDLE_LOADER = "$(TEST_HOST)";
				CODE_SIGN_STYLE = Automatic;
				CURRENT_PROJECT_VERSION = 1;
				DEVELOPMENT_TEAM = HSX5VD99YZ;
				GENERATE_INFOPLIST_FILE = YES;
				IPHONEOS_DEPLOYMENT_TARGET = 16.0;
				MARKETING_VERSION = 1.0;
				PRODUCT_BUNDLE_IDENTIFIER = "com.hcd.Task-ManagerTests";
				PRODUCT_NAME = "$(TARGET_NAME)";
				SWIFT_EMIT_LOC_STRINGS = NO;
				SWIFT_VERSION = 5.0;
				TARGETED_DEVICE_FAMILY = "1,2";
				TEST_HOST = "$(BUILT_PRODUCTS_DIR)/Task Manager.app/$(BUNDLE_EXECUTABLE_FOLDER_PATH)/Task Manager";
			};
			name = Release;
		};
		89C9EBC3290979B400C19013 /* Debug */ = {
			isa = XCBuildConfiguration;
			buildSettings = {
				ALWAYS_EMBED_SWIFT_STANDARD_LIBRARIES = YES;
				CODE_SIGN_STYLE = Automatic;
				CURRENT_PROJECT_VERSION = 1;
				DEVELOPMENT_TEAM = HSX5VD99YZ;
				GENERATE_INFOPLIST_FILE = YES;
				MARKETING_VERSION = 1.0;
				PRODUCT_BUNDLE_IDENTIFIER = "com.hcd.Task-ManagerUITests";
				PRODUCT_NAME = "$(TARGET_NAME)";
				SWIFT_EMIT_LOC_STRINGS = NO;
				SWIFT_VERSION = 5.0;
				TARGETED_DEVICE_FAMILY = "1,2";
				TEST_TARGET_NAME = "Task Manager";
			};
			name = Debug;
		};
		89C9EBC4290979B400C19013 /* Release */ = {
			isa = XCBuildConfiguration;
			buildSettings = {
				ALWAYS_EMBED_SWIFT_STANDARD_LIBRARIES = YES;
				CODE_SIGN_STYLE = Automatic;
				CURRENT_PROJECT_VERSION = 1;
				DEVELOPMENT_TEAM = HSX5VD99YZ;
				GENERATE_INFOPLIST_FILE = YES;
				MARKETING_VERSION = 1.0;
				PRODUCT_BUNDLE_IDENTIFIER = "com.hcd.Task-ManagerUITests";
				PRODUCT_NAME = "$(TARGET_NAME)";
				SWIFT_EMIT_LOC_STRINGS = NO;
				SWIFT_VERSION = 5.0;
				TARGETED_DEVICE_FAMILY = "1,2";
				TEST_TARGET_NAME = "Task Manager";
			};
			name = Release;
		};
/* End XCBuildConfiguration section */

/* Begin XCConfigurationList section */
		89C9EB8E290979B200C19013 /* Build configuration list for PBXProject "Task Manager" */ = {
			isa = XCConfigurationList;
			buildConfigurations = (
				89C9EBBA290979B400C19013 /* Debug */,
				89C9EBBB290979B400C19013 /* Release */,
			);
			defaultConfigurationIsVisible = 0;
			defaultConfigurationName = Release;
		};
		89C9EBBC290979B400C19013 /* Build configuration list for PBXNativeTarget "Task Manager" */ = {
			isa = XCConfigurationList;
			buildConfigurations = (
				89C9EBBD290979B400C19013 /* Debug */,
				89C9EBBE290979B400C19013 /* Release */,
			);
			defaultConfigurationIsVisible = 0;
			defaultConfigurationName = Release;
		};
		89C9EBBF290979B400C19013 /* Build configuration list for PBXNativeTarget "Task ManagerTests" */ = {
			isa = XCConfigurationList;
			buildConfigurations = (
				89C9EBC0290979B400C19013 /* Debug */,
				89C9EBC1290979B400C19013 /* Release */,
			);
			defaultConfigurationIsVisible = 0;
			defaultConfigurationName = Release;
		};
		89C9EBC2290979B400C19013 /* Build configuration list for PBXNativeTarget "Task ManagerUITests" */ = {
			isa = XCConfigurationList;
			buildConfigurations = (
				89C9EBC3290979B400C19013 /* Debug */,
				89C9EBC4290979B400C19013 /* Release */,
			);
			defaultConfigurationIsVisible = 0;
			defaultConfigurationName = Release;
		};
/* End XCConfigurationList section */

/* Begin XCVersionGroup section */
		89C9EBA1290979B300C19013 /* Task_Manager.xcdatamodeld */ = {
			isa = XCVersionGroup;
			children = (
				89C9EBA2290979B300C19013 /* Task_Manager.xcdatamodel */,
			);
			currentVersion = 89C9EBA2290979B300C19013 /* Task_Manager.xcdatamodel */;
			path = Task_Manager.xcdatamodeld;
			sourceTree = "<group>";
			versionGroupType = wrapper.xcdatamodel;
		};
/* End XCVersionGroup section */
	};
	rootObject = 89C9EB8B290979B200C19013 /* Project object */;
}
